
Microsoft Visual Studio Solution File, Format Version 12.00
# Visual Studio 15
VisualStudioVersion = 15.0.28010.2016
MinimumVisualStudioVersion = 10.0.40219.1
Project("{8BC9CEB8-8B4A-11D0-8D11-00A0C91BC942}") = "Molecule", "Molecule\Molecule.vcxproj", "{43E65480-6ED3-4C05-B716-4D6CC9C82E6C}"
EndProject
Global
	GlobalSection(SolutionConfigurationPlatforms) = preSolution
		Debug|x64 = Debug|x64
		Debug|x86 = Debug|x86
		Release|x64 = Release|x64
		Release|x86 = Release|x86
	EndGlobalSection
	GlobalSection(ProjectConfigurationPlatforms) = postSolution
		{43E65480-6ED3-4C05-B716-4D6CC9C82E6C}.Debug|x64.ActiveCfg = Debug|x64
		{43E65480-6ED3-4C05-B716-4D6CC9C82E6C}.Debug|x64.Build.0 = Debug|x64
		{43E65480-6ED3-4C05-B716-4D6CC9C82E6C}.Debug|x86.ActiveCfg = Debug|Win32
		{43E65480-6ED3-4C05-B716-4D6CC9C82E6C}.Debug|x86.Build.0 = Debug|Win32
		{43E65480-6ED3-4C05-B716-4D6CC9C82E6C}.Release|x64.ActiveCfg = Release|x64
		{43E65480-6ED3-4C05-B716-4D6CC9C82E6C}.Release|x64.Build.0 = Release|x64
		{43E65480-6ED3-4C05-B716-4D6CC9C82E6C}.Release|x86.ActiveCfg = Release|Win32
		{43E65480-6ED3-4C05-B716-4D6CC9C82E6C}.Release|x86.Build.0 = Release|Win32
	EndGlobalSection
	GlobalSection(SolutionProperties) = preSolution
		HideSolutionNode = FALSE
	EndGlobalSection
	GlobalSection(ExtensibilityGlobals) = postSolution
		SolutionGuid = {1E276604-3F12-4114-8004-C9D9AF884B5D}
	EndGlobalSection
EndGlobal
